
Microsoft Visual Studio Solution File, Format Version 12.00
# Visual Studio Version 17
VisualStudioVersion = 17.0.31717.71
MinimumVisualStudioVersion = 10.0.40219.1
Project("{8BC9CEB8-8B4A-11D0-8D11-00A0C91BC942}") = "Assembler", "Assembler\Assembler.vcxproj", "{81A8A450-610A-4FD5-8312-75A7428BFA44}"
EndProject
Project("{8BC9CEB8-8B4A-11D0-8D11-00A0C91BC942}") = "CPU", "CPU\CPU.vcxproj", "{13F8E361-245F-4738-BBFA-6BBBD0985912}"
EndProject
Project("{8BC9CEB8-8B4A-11D0-8D11-00A0C91BC942}") = "Libraries", "Libraries\Libraries.vcxitems", "{B41D820D-D068-44B2-A78C-FD802FA9ADB5}"
EndProject
Project("{8BC9CEB8-8B4A-11D0-8D11-00A0C91BC942}") = "Disassembler", "Disassembler\Disassembler.vcxproj", "{4B0AF3DB-E270-4F2F-8D8D-7E34707CCD42}"
EndProject
Project("{8BC9CEB8-8B4A-11D0-8D11-00A0C91BC942}") = "Debugger", "Debugger\Debugger.vcxproj", "{814AFCBC-B2BE-4F2E-B23C-462597C16203}"
	ProjectSection(ProjectDependencies) = postProject
		{81A8A450-610A-4FD5-8312-75A7428BFA44} = {81A8A450-610A-4FD5-8312-75A7428BFA44}
		{13F8E361-245F-4738-BBFA-6BBBD0985912} = {13F8E361-245F-4738-BBFA-6BBBD0985912}
		{4B0AF3DB-E270-4F2F-8D8D-7E34707CCD42} = {4B0AF3DB-E270-4F2F-8D8D-7E34707CCD42}
	EndProjectSection
EndProject
Global
	GlobalSection(SharedMSBuildProjectFiles) = preSolution
		Libraries\Libraries.vcxitems*{13f8e361-245f-4738-bbfa-6bbbd0985912}*SharedItemsImports = 4
		Libraries\Libraries.vcxitems*{4b0af3db-e270-4f2f-8d8d-7e34707ccd42}*SharedItemsImports = 4
		Libraries\Libraries.vcxitems*{81a8a450-610a-4fd5-8312-75a7428bfa44}*SharedItemsImports = 4
		Libraries\Libraries.vcxitems*{b41d820d-d068-44b2-a78c-fd802fa9adb5}*SharedItemsImports = 9
	EndGlobalSection
	GlobalSection(SolutionConfigurationPlatforms) = preSolution
		Debug|x64 = Debug|x64
		Debug|x86 = Debug|x86
		Release|x64 = Release|x64
		Release|x86 = Release|x86
	EndGlobalSection
	GlobalSection(ProjectConfigurationPlatforms) = postSolution
		{81A8A450-610A-4FD5-8312-75A7428BFA44}.Debug|x64.ActiveCfg = Debug|x64
		{81A8A450-610A-4FD5-8312-75A7428BFA44}.Debug|x64.Build.0 = Debug|x64
		{81A8A450-610A-4FD5-8312-75A7428BFA44}.Debug|x86.ActiveCfg = Debug|Win32
		{81A8A450-610A-4FD5-8312-75A7428BFA44}.Debug|x86.Build.0 = Debug|Win32
		{81A8A450-610A-4FD5-8312-75A7428BFA44}.Release|x64.ActiveCfg = Release|x64
		{81A8A450-610A-4FD5-8312-75A7428BFA44}.Release|x64.Build.0 = Release|x64
		{81A8A450-610A-4FD5-8312-75A7428BFA44}.Release|x86.ActiveCfg = Release|Win32
		{81A8A450-610A-4FD5-8312-75A7428BFA44}.Release|x86.Build.0 = Release|Win32
		{13F8E361-245F-4738-BBFA-6BBBD0985912}.Debug|x64.ActiveCfg = Debug|x64
		{13F8E361-245F-4738-BBFA-6BBBD0985912}.Debug|x64.Build.0 = Debug|x64
		{13F8E361-245F-4738-BBFA-6BBBD0985912}.Debug|x86.ActiveCfg = Debug|Win32
		{13F8E361-245F-4738-BBFA-6BBBD0985912}.Debug|x86.Build.0 = Debug|Win32
		{13F8E361-245F-4738-BBFA-6BBBD0985912}.Release|x64.ActiveCfg = Release|x64
		{13F8E361-245F-4738-BBFA-6BBBD0985912}.Release|x64.Build.0 = Release|x64
		{13F8E361-245F-4738-BBFA-6BBBD0985912}.Release|x86.ActiveCfg = Release|Win32
		{13F8E361-245F-4738-BBFA-6BBBD0985912}.Release|x86.Build.0 = Release|Win32
		{4B0AF3DB-E270-4F2F-8D8D-7E34707CCD42}.Debug|x64.ActiveCfg = Debug|x64
		{4B0AF3DB-E270-4F2F-8D8D-7E34707CCD42}.Debug|x64.Build.0 = Debug|x64
		{4B0AF3DB-E270-4F2F-8D8D-7E34707CCD42}.Debug|x86.ActiveCfg = Debug|Win32
		{4B0AF3DB-E270-4F2F-8D8D-7E34707CCD42}.Debug|x86.Build.0 = Debug|Win32
		{4B0AF3DB-E270-4F2F-8D8D-7E34707CCD42}.Release|x64.ActiveCfg = Release|x64
		{4B0AF3DB-E270-4F2F-8D8D-7E34707CCD42}.Release|x64.Build.0 = Release|x64
		{4B0AF3DB-E270-4F2F-8D8D-7E34707CCD42}.Release|x86.ActiveCfg = Release|Win32
		{4B0AF3DB-E270-4F2F-8D8D-7E34707CCD42}.Release|x86.Build.0 = Release|Win32
		{814AFCBC-B2BE-4F2E-B23C-462597C16203}.Debug|x64.ActiveCfg = Debug|x64
		{814AFCBC-B2BE-4F2E-B23C-462597C16203}.Debug|x64.Build.0 = Debug|x64
		{814AFCBC-B2BE-4F2E-B23C-462597C16203}.Debug|x86.ActiveCfg = Debug|Win32
		{814AFCBC-B2BE-4F2E-B23C-462597C16203}.Debug|x86.Build.0 = Debug|Win32
		{814AFCBC-B2BE-4F2E-B23C-462597C16203}.Release|x64.ActiveCfg = Release|x64
		{814AFCBC-B2BE-4F2E-B23C-462597C16203}.Release|x64.Build.0 = Release|x64
		{814AFCBC-B2BE-4F2E-B23C-462597C16203}.Release|x86.ActiveCfg = Release|Win32
		{814AFCBC-B2BE-4F2E-B23C-462597C16203}.Release|x86.Build.0 = Release|Win32
	EndGlobalSection
	GlobalSection(SolutionProperties) = preSolution
		HideSolutionNode = FALSE
	EndGlobalSection
	GlobalSection(ExtensibilityGlobals) = postSolution
		SolutionGuid = {1F5A570A-5477-4E93-AE1A-291F26D81BBF}
	EndGlobalSection
EndGlobal
