<?xml version="1.0" encoding="utf-8"?>
<Project ToolsVersion="4.0" xmlns="http://schemas.microsoft.com/developer/msbuild/2003">
  <ItemGroup>
    <ClCompile Include="main.cpp" />
    <ClCompile Include="Processor.cpp" />
    <ClCompile Include="..\..\Stack\Stack\Logs\Logs.cpp">
      <Filter>Logs</Filter>
    </ClCompile>
  </ItemGroup>
  <ItemGroup>
    <ClInclude Include="ProcessorConfig.h" />
    <ClInclude Include="..\..\Stack\Stack\Logs\Logs.h">
      <Filter>Logs</Filter>
    </ClInclude>
  </ItemGroup>
  <ItemGroup>
    <Filter Include="Logs">
      <UniqueIdentifier>{4e79c9c9-9c6c-439b-9491-6dd62bcd9a7e}</UniqueIdentifier>
    </Filter>
    <Filter Include="NewFilter1">
      <UniqueIdentifier>{f0e52ac2-c418-4638-b41f-8dc315ee5407}</UniqueIdentifier>
    </Filter>
  </ItemGroup>
  <ItemGroup>
    <ResourceCompile Include="Commands.h" />
  </ItemGroup>
</Project>